
Microsoft Visual Studio Solution File, Format Version 12.00
# Visual Studio Version 17
VisualStudioVersion = 17.13.35825.156 d17.13
MinimumVisualStudioVersion = 10.0.40219.1
Project("{FAE04EC0-301F-11D3-BF4B-00C04F79EFBC}") = "TodoApp", "TodoApp\TodoApp.csproj", "{DAA0B168-9C85-4D1F-BC9B-5853D05910F0}"
EndProject
Global
	GlobalSection(SolutionConfigurationPlatforms) = preSolution
		Debug|Any CPU = Debug|Any CPU
		Release|Any CPU = Release|Any CPU
	EndGlobalSection
	GlobalSection(ProjectConfigurationPlatforms) = postSolution
		{DAA0B168-9C85-4D1F-BC9B-5853D05910F0}.Debug|Any CPU.ActiveCfg = Debug|Any CPU
		{DAA0B168-9C85-4D1F-BC9B-5853D05910F0}.Debug|Any CPU.Build.0 = Debug|Any CPU
		{DAA0B168-9C85-4D1F-BC9B-5853D05910F0}.Release|Any CPU.ActiveCfg = Release|Any CPU
		{DAA0B168-9C85-4D1F-BC9B-5853D05910F0}.Release|Any CPU.Build.0 = Release|Any CPU
	EndGlobalSection
	GlobalSection(SolutionProperties) = preSolution
		HideSolutionNode = FALSE
	EndGlobalSection
	GlobalSection(ExtensibilityGlobals) = postSolution
		SolutionGuid = {0072120D-CC7B-402F-9D8F-6ACBC9B17EC4}
	EndGlobalSection
EndGlobal
